
Microsoft Visual Studio Solution File, Format Version 12.00
# Visual Studio 15
VisualStudioVersion = 15.0.28010.2016
MinimumVisualStudioVersion = 10.0.40219.1
Project("{FAE04EC0-301F-11D3-BF4B-00C04F79EFBC}") = "WebAppGitTest", "WebAppGitTest\WebAppGitTest.csproj", "{BEEBF6AE-316B-4515-AEFF-A8E1883720B0}"
EndProject
Global
	GlobalSection(SolutionConfigurationPlatforms) = preSolution
		Debug|Any CPU = Debug|Any CPU
		Release|Any CPU = Release|Any CPU
	EndGlobalSection
	GlobalSection(ProjectConfigurationPlatforms) = postSolution
		{BEEBF6AE-316B-4515-AEFF-A8E1883720B0}.Debug|Any CPU.ActiveCfg = Debug|Any CPU
		{BEEBF6AE-316B-4515-AEFF-A8E1883720B0}.Debug|Any CPU.Build.0 = Debug|Any CPU
		{BEEBF6AE-316B-4515-AEFF-A8E1883720B0}.Release|Any CPU.ActiveCfg = Release|Any CPU
		{BEEBF6AE-316B-4515-AEFF-A8E1883720B0}.Release|Any CPU.Build.0 = Release|Any CPU
	EndGlobalSection
	GlobalSection(SolutionProperties) = preSolution
		HideSolutionNode = FALSE
	EndGlobalSection
	GlobalSection(ExtensibilityGlobals) = postSolution
		SolutionGuid = {715F8B41-4F1F-4BFB-8DBA-33D4ED4F9160}
	EndGlobalSection
EndGlobal
